# @generated - this file is auto-generated by `mise lock` https://mise.jdx.dev/dev-tools/mise-lock.html

[[tools.goreleaser]]
version = "2.15.4"
backend = "aqua:goreleaser/goreleaser"

[tools.goreleaser."platforms.linux-arm64"]
checksum = "sha256:de01ca1497571e9b348413cd2e7f74be49b8d57696ae386f7eedd06176544a88"
url = "https://github.com/goreleaser/goreleaser/releases/download/v2.15.4/goreleaser_Linux_arm64.tar.gz"
provenance = "github-attestations"

[tools.goreleaser."platforms.linux-arm64-musl"]
checksum = "sha256:de01ca1497571e9b348413cd2e7f74be49b8d57696ae386f7eedd06176544a88"
url = "https://github.com/goreleaser/goreleaser/releases/download/v2.15.4/goreleaser_Linux_arm64.tar.gz"
provenance = "github-attestations"

[tools.goreleaser."platforms.linux-x64"]
checksum = "sha256:aae00c71a4a6d55e08cce9273a1516bdce33c1e07cffb7e502fa6fec4377dede"
url = "https://github.com/goreleaser/goreleaser/releases/download/v2.15.4/goreleaser_Linux_x86_64.tar.gz"
provenance = "github-attestations"

[tools.goreleaser."platforms.linux-x64-musl"]
checksum = "sha256:aae00c71a4a6d55e08cce9273a1516bdce33c1e07cffb7e502fa6fec4377dede"
url = "https://github.com/goreleaser/goreleaser/releases/download/v2.15.4/goreleaser_Linux_x86_64.tar.gz"
provenance = "github-attestations"

[tools.goreleaser."platforms.macos-arm64"]
checksum = "sha256:82d730f3366350c90d7e5df3cf9e8e425fd1c84bf7d7e3e564f92d97c5ea9ea4"
url = "https://github.com/goreleaser/goreleaser/releases/download/v2.15.4/goreleaser_Darwin_all.tar.gz"
provenance = "github-attestations"

[tools.goreleaser."platforms.macos-x64"]
checksum = "sha256:82d730f3366350c90d7e5df3cf9e8e425fd1c84bf7d7e3e564f92d97c5ea9ea4"
url = "https://github.com/goreleaser/goreleaser/releases/download/v2.15.4/goreleaser_Darwin_all.tar.gz"
provenance = "github-attestations"

[tools.goreleaser."platforms.windows-x64"]
checksum = "sha256:146695f49717dfd79d64d5d6f4b1d25e2b56d73e723bbf68a8dc13ce5cf69693"
url = "https://github.com/goreleaser/goreleaser/releases/download/v2.15.4/goreleaser_Windows_x86_64.zip"
provenance = "github-attestations"

[[tools.zig]]
version = "0.16.0"
backend = "core:zig"

[tools.zig."platforms.linux-arm64"]
checksum = "sha256:ea4b09bfb22ec6f6c6ceac57ab63efb6b46e17ab08d21f69f3a48b38e1534f17"
url = "https://ziglang.org/download/0.16.0/zig-aarch64-linux-0.16.0.tar.xz"

[tools.zig."platforms.linux-arm64-musl"]
checksum = "sha256:ea4b09bfb22ec6f6c6ceac57ab63efb6b46e17ab08d21f69f3a48b38e1534f17"
url = "https://ziglang.org/download/0.16.0/zig-aarch64-linux-0.16.0.tar.xz"

[tools.zig."platforms.linux-x64"]
checksum = "sha256:70e49664a74374b48b51e6f3fdfbf437f6395d42509050588bd49abe52ba3d00"
url = "https://ziglang.org/download/0.16.0/zig-x86_64-linux-0.16.0.tar.xz"

[tools.zig."platforms.linux-x64-musl"]
checksum = "sha256:70e49664a74374b48b51e6f3fdfbf437f6395d42509050588bd49abe52ba3d00"
url = "https://ziglang.org/download/0.16.0/zig-x86_64-linux-0.16.0.tar.xz"

[tools.zig."platforms.macos-arm64"]
checksum = "sha256:b23d70deaa879b5c2d486ed3316f7eaa53e84acf6fc9cc747de152450d401489"
url = "https://ziglang.org/download/0.16.0/zig-aarch64-macos-0.16.0.tar.xz"
provenance = "minisign"

[tools.zig."platforms.macos-x64"]
checksum = "sha256:0387557ed1877bc6a2e1802c8391953baddba76081876301c522f52977b52ba7"
url = "https://ziglang.org/download/0.16.0/zig-x86_64-macos-0.16.0.tar.xz"

[tools.zig."platforms.windows-x64"]
checksum = "sha256:68659eb5f1e4eb1437a722f1dd889c5a322c9954607f5edcf337bc3684a75a7e"
url = "https://ziglang.org/download/0.16.0/zig-x86_64-windows-0.16.0.zip"
